
Microsoft Visual Studio Solution File, Format Version 12.00
# Visual Studio Version 16
VisualStudioVersion = 16.0.31729.503
MinimumVisualStudioVersion = 10.0.40219.1
Project("{8BC9CEB8-8B4A-11D0-8D11-00A0C91BC942}") = "lab4", "lab4\lab4.vcxproj", "{4C49D00E-F0C0-49F8-A849-3CA48510D766}"
EndProject
Global
	GlobalSection(SolutionConfigurationPlatforms) = preSolution
		Debug|x64 = Debug|x64
		Debug|x86 = Debug|x86
		Release|x64 = Release|x64
		Release|x86 = Release|x86
	EndGlobalSection
	GlobalSection(ProjectConfigurationPlatforms) = postSolution
		{4C49D00E-F0C0-49F8-A849-3CA48510D766}.Debug|x64.ActiveCfg = Debug|x64
		{4C49D00E-F0C0-49F8-A849-3CA48510D766}.Debug|x64.Build.0 = Debug|x64
		{4C49D00E-F0C0-49F8-A849-3CA48510D766}.Debug|x86.ActiveCfg = Debug|Win32
		{4C49D00E-F0C0-49F8-A849-3CA48510D766}.Debug|x86.Build.0 = Debug|Win32
		{4C49D00E-F0C0-49F8-A849-3CA48510D766}.Release|x64.ActiveCfg = Release|x64
		{4C49D00E-F0C0-49F8-A849-3CA48510D766}.Release|x64.Build.0 = Release|x64
		{4C49D00E-F0C0-49F8-A849-3CA48510D766}.Release|x86.ActiveCfg = Release|Win32
		{4C49D00E-F0C0-49F8-A849-3CA48510D766}.Release|x86.Build.0 = Release|Win32
	EndGlobalSection
	GlobalSection(SolutionProperties) = preSolution
		HideSolutionNode = FALSE
	EndGlobalSection
	GlobalSection(ExtensibilityGlobals) = postSolution
		SolutionGuid = {282BED9A-274F-4FB0-9CC0-DDD8D2BA7C86}
	EndGlobalSection
EndGlobal
